
Microsoft Visual Studio Solution File, Format Version 12.00
# Visual Studio 15
VisualStudioVersion = 15.0.26228.9
MinimumVisualStudioVersion = 10.0.40219.1
Project("{FAE04EC0-301F-11D3-BF4B-00C04F79EFBC}") = "Micros", "Micros\Micros.csproj", "{57AD1EFE-C3C6-4580-8953-B7387994B304}"
EndProject
Project("{FAE04EC0-301F-11D3-BF4B-00C04F79EFBC}") = "MicrosForms", "..\..\..\..\Documents\Visual Studio 2017\Projects\MicrosForms\MicrosForms\MicrosForms.csproj", "{A3BF69C2-B271-4F12-BD7F-9B06DC527272}"
EndProject
Global
	GlobalSection(SolutionConfigurationPlatforms) = preSolution
		Debug|Any CPU = Debug|Any CPU
		Release|Any CPU = Release|Any CPU
	EndGlobalSection
	GlobalSection(ProjectConfigurationPlatforms) = postSolution
		{57AD1EFE-C3C6-4580-8953-B7387994B304}.Debug|Any CPU.ActiveCfg = Debug|Any CPU
		{57AD1EFE-C3C6-4580-8953-B7387994B304}.Debug|Any CPU.Build.0 = Debug|Any CPU
		{57AD1EFE-C3C6-4580-8953-B7387994B304}.Debug|Any CPU.Deploy.0 = Debug|Any CPU
		{57AD1EFE-C3C6-4580-8953-B7387994B304}.Release|Any CPU.ActiveCfg = Release|Any CPU
		{57AD1EFE-C3C6-4580-8953-B7387994B304}.Release|Any CPU.Build.0 = Release|Any CPU
		{57AD1EFE-C3C6-4580-8953-B7387994B304}.Release|Any CPU.Deploy.0 = Release|Any CPU
		{A3BF69C2-B271-4F12-BD7F-9B06DC527272}.Debug|Any CPU.ActiveCfg = Debug|Any CPU
		{A3BF69C2-B271-4F12-BD7F-9B06DC527272}.Debug|Any CPU.Build.0 = Debug|Any CPU
		{A3BF69C2-B271-4F12-BD7F-9B06DC527272}.Release|Any CPU.ActiveCfg = Release|Any CPU
		{A3BF69C2-B271-4F12-BD7F-9B06DC527272}.Release|Any CPU.Build.0 = Release|Any CPU
	EndGlobalSection
	GlobalSection(SolutionProperties) = preSolution
		HideSolutionNode = FALSE
	EndGlobalSection
EndGlobal
